
Microsoft Visual Studio Solution File, Format Version 12.00
# Visual Studio Version 17
VisualStudioVersion = 17.0.32014.148
MinimumVisualStudioVersion = 10.0.40219.1
Project("{2150E333-8FDC-42A3-9474-1A3956D46DE8}") = "ShopManagement", "ShopManagement", "{6DF42BF3-4295-4154-B828-1C9B66BA669C}"
EndProject
Project("{2150E333-8FDC-42A3-9474-1A3956D46DE8}") = "SM.Domain", "SM.Domain", "{F069FF9B-8E66-474C-ABBA-5AAE4450D54A}"
EndProject
Project("{9A19103F-16F7-4668-BE54-9A1E7A4F7556}") = "ShopManagement.Domain", "ShopManagement.Domain\ShopManagement.Domain.csproj", "{1379B344-BC1F-44E4-A90E-FFB3F3E7D394}"
EndProject
Project("{9A19103F-16F7-4668-BE54-9A1E7A4F7556}") = "0_Framework", "0_Framework\0_Framework.csproj", "{0CC39C32-4490-43F1-8B09-77558FCB7EDD}"
EndProject
Project("{2150E333-8FDC-42A3-9474-1A3956D46DE8}") = "SM.Application", "SM.Application", "{64FE30E3-CCD2-4CA5-862A-9B21A5DCACF5}"
EndProject
Project("{9A19103F-16F7-4668-BE54-9A1E7A4F7556}") = "ShopManagement.Application.Contracts", "ShopManagement.Application.Contracts\ShopManagement.Application.Contracts.csproj", "{C6BC6757-C7CA-4773-9533-AD5E432517CC}"
EndProject
Project("{9A19103F-16F7-4668-BE54-9A1E7A4F7556}") = "ShopManagement.Application", "ShopManagement.Application\ShopManagement.Application.csproj", "{B88F28D4-1046-4872-8540-A48128B13C21}"
EndProject
Project("{2150E333-8FDC-42A3-9474-1A3956D46DE8}") = "SM.Infrastructure", "SM.Infrastructure", "{519415AE-A3E9-4CF7-A957-EE663206E854}"
EndProject
Project("{9A19103F-16F7-4668-BE54-9A1E7A4F7556}") = "ShopManagement.Infrastructure.EFCore", "ShopManagement.Infrastructure.EFCore\ShopManagement.Infrastructure.EFCore.csproj", "{1F317A0D-BCBD-454F-A79A-98F731885CC1}"
EndProject
Project("{9A19103F-16F7-4668-BE54-9A1E7A4F7556}") = "ShopManagement.Infrastructure.Configuration", "ShopManagement.Infrastructure.Configuration\ShopManagement.Infrastructure.Configuration.csproj", "{8596DAE1-1344-4D72-BC45-A88E70BE1805}"
EndProject
Project("{9A19103F-16F7-4668-BE54-9A1E7A4F7556}") = "ServiceHost", "ServiceHost\ServiceHost.csproj", "{6F25ABA6-6107-4231-8B29-555045BC7EEB}"
EndProject
Project("{9A19103F-16F7-4668-BE54-9A1E7A4F7556}") = "01_ShopFaQuery", "01_ShopFaQuery\01_ShopFaQuery.csproj", "{3643A95E-5909-4E82-A354-A9495D191DEA}"
EndProject
Project("{2150E333-8FDC-42A3-9474-1A3956D46DE8}") = "DiscountManagement", "DiscountManagement", "{7FE17AD9-8651-47C9-9C57-4661751E1410}"
EndProject
Project("{2150E333-8FDC-42A3-9474-1A3956D46DE8}") = "DM.Domain", "DM.Domain", "{96FA999F-0102-48CA-9249-C34896A45139}"
EndProject
Project("{9A19103F-16F7-4668-BE54-9A1E7A4F7556}") = "DiscountManagement.Domain", "DiscountManagement.Domain\DiscountManagement.Domain.csproj", "{4AF4F3CF-583D-4A48-B472-53BCF76569FA}"
EndProject
Project("{2150E333-8FDC-42A3-9474-1A3956D46DE8}") = "DM.Application", "DM.Application", "{671731DA-DC81-4BC9-BEBE-31AE7BE1459B}"
EndProject
Project("{9A19103F-16F7-4668-BE54-9A1E7A4F7556}") = "DiscountManagement.Application.Contracts", "DiscountManagement.Application.Contracts\DiscountManagement.Application.Contracts.csproj", "{C58EC2D0-2D32-412C-A460-AE92DD54E271}"
EndProject
Project("{9A19103F-16F7-4668-BE54-9A1E7A4F7556}") = "DiscountManagement.Application", "DiscountManagement.Application\DiscountManagement.Application.csproj", "{2A7783FD-3B3D-4F40-99C5-C85D2E8410CC}"
EndProject
Project("{2150E333-8FDC-42A3-9474-1A3956D46DE8}") = "DM.Infrastructure", "DM.Infrastructure", "{2D30730F-936B-413D-A60E-D38B0C5B29AA}"
EndProject
Project("{9A19103F-16F7-4668-BE54-9A1E7A4F7556}") = "DiscountManagement.Infrastructure.EFCore", "DiscountManagement.Infrastructure.EFCore\DiscountManagement.Infrastructure.EFCore.csproj", "{A836F3B4-6055-4162-9DA2-117CBE81C583}"
EndProject
Project("{9A19103F-16F7-4668-BE54-9A1E7A4F7556}") = "DiscountManagement.Infrastructure.Configuration", "DiscountManagement.Infrastructure.Configuration\DiscountManagement.Infrastructure.Configuration.csproj", "{EF01883D-3708-4429-B111-101BE27A8E61}"
EndProject
Project("{2150E333-8FDC-42A3-9474-1A3956D46DE8}") = "InventoryManagement", "InventoryManagement", "{DA778EC1-DA3D-4475-95F3-54831C533E04}"
EndProject
Project("{2150E333-8FDC-42A3-9474-1A3956D46DE8}") = "IM.Domain", "IM.Domain", "{541316AD-7F79-4951-BF36-874F266EBF30}"
EndProject
Project("{9A19103F-16F7-4668-BE54-9A1E7A4F7556}") = "InventoryManagement.Domain", "InventoryManagement.Domain\InventoryManagement.Domain.csproj", "{1FDC1336-6228-4626-AB14-E69A74EE4F9D}"
EndProject
Project("{2150E333-8FDC-42A3-9474-1A3956D46DE8}") = "IM.Application", "IM.Application", "{AB0B44FA-6D73-4F15-BAEF-4A7F3E66ABE1}"
EndProject
Project("{9A19103F-16F7-4668-BE54-9A1E7A4F7556}") = "InventoryManagement.Application.Contract", "InventoryManagement.Application.Contract\InventoryManagement.Application.Contract.csproj", "{D87EB737-CD3F-4523-AD40-877BE81AFF29}"
EndProject
Project("{2150E333-8FDC-42A3-9474-1A3956D46DE8}") = "IM.Infrastructure", "IM.Infrastructure", "{9F97827C-AB74-4CF0-AF27-15279C90286B}"
EndProject
Project("{9A19103F-16F7-4668-BE54-9A1E7A4F7556}") = "InventoryManagement.Infrastructure.EfCore", "InventoryManagement.EfCore\InventoryManagement.Infrastructure.EfCore.csproj", "{8A7B52FF-E601-410B-A2AB-B5FA389662E1}"
EndProject
Project("{9A19103F-16F7-4668-BE54-9A1E7A4F7556}") = "InventoryManagement.Infrastructure.Configuration", "InventoryManagement.Infrastructure.Configuration\InventoryManagement.Infrastructure.Configuration.csproj", "{C871C736-3973-42D1-BF85-BDCA4E00A04E}"
EndProject
Project("{9A19103F-16F7-4668-BE54-9A1E7A4F7556}") = "InventoryManagement.Application", "InventoryManagement.Application\InventoryManagement.Application.csproj", "{2A9964C6-953A-4E40-9DCA-57D94857DC26}"
EndProject
Project("{2150E333-8FDC-42A3-9474-1A3956D46DE8}") = "BlogManagement", "BlogManagement", "{940579BE-8C76-4794-89B1-70A58C8510A3}"
EndProject
Project("{2150E333-8FDC-42A3-9474-1A3956D46DE8}") = "BM.Domain", "BM.Domain", "{7893785E-3044-4FEE-B9D1-1FA261E8F161}"
EndProject
Project("{9A19103F-16F7-4668-BE54-9A1E7A4F7556}") = "BlogManagement.Domain", "BlogManagement.Domain\BlogManagement.Domain.csproj", "{B741DE2C-1636-45D5-99F7-CC87FF29DAFC}"
EndProject
Project("{2150E333-8FDC-42A3-9474-1A3956D46DE8}") = "BM.Application", "BM.Application", "{F6078908-DEF4-4101-AF30-E676B2D621B4}"
EndProject
Project("{9A19103F-16F7-4668-BE54-9A1E7A4F7556}") = "BlogManagement.Application.Contracts", "BlogManagement.Application.Contracts\BlogManagement.Application.Contracts.csproj", "{78D99B62-3D63-4915-AA76-E428A9FC9E10}"
EndProject
Project("{9A19103F-16F7-4668-BE54-9A1E7A4F7556}") = "BlogManagement.Application", "BlogManagement.Application\BlogManagement.Application.csproj", "{52700A74-5E28-4582-92EF-DBC8F520BF18}"
EndProject
Project("{2150E333-8FDC-42A3-9474-1A3956D46DE8}") = "BM.Infrastructure", "BM.Infrastructure", "{4C508D08-D92B-49DD-AAC5-6A51471364C3}"
EndProject
Project("{9A19103F-16F7-4668-BE54-9A1E7A4F7556}") = "BlogManagement.Infrastructure.EfCore", "BlogManagement.Infrastructure.EfCore\BlogManagement.Infrastructure.EfCore.csproj", "{F2F56BD6-E936-4CA5-9463-0DFE067FAAB2}"
EndProject
Project("{9A19103F-16F7-4668-BE54-9A1E7A4F7556}") = "BlogManagement.Infrastructure.Configuration", "BlogManagement.Infrastructure.Configuration\BlogManagement.Infrastructure.Configuration.csproj", "{E1EA5886-0BB6-4894-B3E0-67E9E9BFA85E}"
EndProject
Project("{2150E333-8FDC-42A3-9474-1A3956D46DE8}") = "CommentManagement", "CommentManagement", "{1A116A32-2ADC-4FBE-8457-56FA419D58AF}"
EndProject
Project("{2150E333-8FDC-42A3-9474-1A3956D46DE8}") = "CM.Domain", "CM.Domain", "{8A63D935-9E42-4DB1-9E54-0203E1B5F02E}"
EndProject
Project("{9A19103F-16F7-4668-BE54-9A1E7A4F7556}") = "CommentManagement.Domain", "CommentManagement.Domain\CommentManagement.Domain.csproj", "{65F3F7D1-855C-480B-9515-658FD94BFD90}"
EndProject
Project("{2150E333-8FDC-42A3-9474-1A3956D46DE8}") = "CM.Application", "CM.Application", "{C48B9B0A-DC50-4E9E-84E6-063C9B514DE6}"
EndProject
Project("{9A19103F-16F7-4668-BE54-9A1E7A4F7556}") = "CommentManagement.Application.Contract", "CommentManagement.Application.Contract\CommentManagement.Application.Contract.csproj", "{92C2BB6B-311C-4B44-854C-0CFF548F96BE}"
EndProject
Project("{9A19103F-16F7-4668-BE54-9A1E7A4F7556}") = "CommentManagement.Application", "CommentManagement.Application\CommentManagement.Application.csproj", "{C4B9FCC0-5144-4D50-90C9-54B595093C57}"
EndProject
Project("{2150E333-8FDC-42A3-9474-1A3956D46DE8}") = "CM.Infrastructure", "CM.Infrastructure", "{1B9B40E6-B384-4CBE-8E82-7FF979893F23}"
EndProject
Project("{9A19103F-16F7-4668-BE54-9A1E7A4F7556}") = "CommentManagement.Infrastructure.EFCore", "CommentManagement.Infrastructure.EFCore\CommentManagement.Infrastructure.EFCore.csproj", "{AD548CBB-B8E4-4AE3-8112-3D4B5D43C7B4}"
EndProject
Project("{9A19103F-16F7-4668-BE54-9A1E7A4F7556}") = "CommentManagement.Infrastructure.Configuration", "CommentManagement.Infrastructure.Configuration\CommentManagement.Infrastructure.Configuration.csproj", "{E6085E90-ED31-490F-9725-2B3EE5D948FE}"
EndProject
Project("{2150E333-8FDC-42A3-9474-1A3956D46DE8}") = "AccountManagement", "AccountManagement", "{FC96189A-4903-42B2-A7F4-C484D1B00C17}"
EndProject
Project("{2150E333-8FDC-42A3-9474-1A3956D46DE8}") = "AM.Domain", "AM.Domain", "{A1AB3305-55DE-4043-96D1-A274519CA284}"
EndProject
Project("{9A19103F-16F7-4668-BE54-9A1E7A4F7556}") = "AccountManagement.Domain", "AccountManagement.Domain\AccountManagement.Domain.csproj", "{931017ED-C532-4CD8-A393-59487646E253}"
EndProject
Project("{2150E333-8FDC-42A3-9474-1A3956D46DE8}") = "AM.Application", "AM.Application", "{20DF037E-2200-4943-BC7A-9EEBFF4B2FB3}"
EndProject
Project("{9A19103F-16F7-4668-BE54-9A1E7A4F7556}") = "AccountManagement.Application.Contract", "AccountManagement.Application.Contract\AccountManagement.Application.Contract.csproj", "{C8604F7C-05D6-4B58-A853-A5DDB3CFBEFC}"
EndProject
Project("{9A19103F-16F7-4668-BE54-9A1E7A4F7556}") = "AccountManagement.Application", "AccountManagement.Application\AccountManagement.Application.csproj", "{01756578-025C-4441-8063-4A6DD7A659BA}"
EndProject
Project("{2150E333-8FDC-42A3-9474-1A3956D46DE8}") = "AM.Infrastructure", "AM.Infrastructure", "{86E895C8-BBB3-4930-B6C0-B8727BB69EE2}"
EndProject
Project("{9A19103F-16F7-4668-BE54-9A1E7A4F7556}") = "AccountManagement.Infrastructure.Configuration", "AccountManagement.Infrastructure.Configuration\AccountManagement.Infrastructure.Configuration.csproj", "{0F798822-6220-4978-AEF0-6C8D6998F2C7}"
EndProject
Project("{9A19103F-16F7-4668-BE54-9A1E7A4F7556}") = "AccountManagement.Infrastructure.EFCore", "AccountManagement.Infrastructure.EFCore\AccountManagement.Infrastructure.EFCore.csproj", "{0FA8EB15-B613-404F-873B-0E7EA4D25AFD}"
EndProject
Project("{9A19103F-16F7-4668-BE54-9A1E7A4F7556}") = "ShopManagement.Infrastructure.ACL", "ShopManagement.Infrastructure.ACL\ShopManagement.Infrastructure.ACL.csproj", "{AAAED1B1-7B80-4BA8-945D-0A7182450863}"
EndProject
Project("{2150E333-8FDC-42A3-9474-1A3956D46DE8}") = "SM.Presentation", "SM.Presentation", "{5006308C-F1DF-4DE2-A9B2-649690FAE3A2}"
EndProject
Project("{9A19103F-16F7-4668-BE54-9A1E7A4F7556}") = "ShopManagement.Presentation.Api", "ShopManagement.Presentation.Api\ShopManagement.Presentation.Api.csproj", "{57ABEC98-79E8-4E99-B74E-3D50DE996FBE}"
EndProject
Project("{2150E333-8FDC-42A3-9474-1A3956D46DE8}") = "IM.Presentation", "IM.Presentation", "{C668B3F7-BC21-4E83-B61E-A514E09AAF92}"
EndProject
Project("{9A19103F-16F7-4668-BE54-9A1E7A4F7556}") = "InventoryManagement.Presentation.ApiApplication", "InventoryManagement.Presentation.ApiApplication\InventoryManagement.Presentation.ApiApplication.csproj", "{82524CEC-1E47-4E81-AF4C-289EBFFA7041}"
EndProject
Project("{9A19103F-16F7-4668-BE54-9A1E7A4F7556}") = "ShopManagement.Infrastructure.Account.ACL", "ShopManagement.Infrastructure.Account.ACL\ShopManagement.Infrastructure.Account.ACL.csproj", "{5FA74D1F-8F22-4F5A-A7E6-9A20D870E2AC}"
EndProject
Global
	GlobalSection(SolutionConfigurationPlatforms) = preSolution
		Debug|Any CPU = Debug|Any CPU
		Release|Any CPU = Release|Any CPU
	EndGlobalSection
	GlobalSection(ProjectConfigurationPlatforms) = postSolution
		{1379B344-BC1F-44E4-A90E-FFB3F3E7D394}.Debug|Any CPU.ActiveCfg = Debug|Any CPU
		{1379B344-BC1F-44E4-A90E-FFB3F3E7D394}.Debug|Any CPU.Build.0 = Debug|Any CPU
		{1379B344-BC1F-44E4-A90E-FFB3F3E7D394}.Release|Any CPU.ActiveCfg = Release|Any CPU
		{1379B344-BC1F-44E4-A90E-FFB3F3E7D394}.Release|Any CPU.Build.0 = Release|Any CPU
		{0CC39C32-4490-43F1-8B09-77558FCB7EDD}.Debug|Any CPU.ActiveCfg = Debug|Any CPU
		{0CC39C32-4490-43F1-8B09-77558FCB7EDD}.Debug|Any CPU.Build.0 = Debug|Any CPU
		{0CC39C32-4490-43F1-8B09-77558FCB7EDD}.Release|Any CPU.ActiveCfg = Release|Any CPU
		{0CC39C32-4490-43F1-8B09-77558FCB7EDD}.Release|Any CPU.Build.0 = Release|Any CPU
		{C6BC6757-C7CA-4773-9533-AD5E432517CC}.Debug|Any CPU.ActiveCfg = Debug|Any CPU
		{C6BC6757-C7CA-4773-9533-AD5E432517CC}.Debug|Any CPU.Build.0 = Debug|Any CPU
		{C6BC6757-C7CA-4773-9533-AD5E432517CC}.Release|Any CPU.ActiveCfg = Release|Any CPU
		{C6BC6757-C7CA-4773-9533-AD5E432517CC}.Release|Any CPU.Build.0 = Release|Any CPU
		{B88F28D4-1046-4872-8540-A48128B13C21}.Debug|Any CPU.ActiveCfg = Debug|Any CPU
		{B88F28D4-1046-4872-8540-A48128B13C21}.Debug|Any CPU.Build.0 = Debug|Any CPU
		{B88F28D4-1046-4872-8540-A48128B13C21}.Release|Any CPU.ActiveCfg = Release|Any CPU
		{B88F28D4-1046-4872-8540-A48128B13C21}.Release|Any CPU.Build.0 = Release|Any CPU
		{1F317A0D-BCBD-454F-A79A-98F731885CC1}.Debug|Any CPU.ActiveCfg = Debug|Any CPU
		{1F317A0D-BCBD-454F-A79A-98F731885CC1}.Debug|Any CPU.Build.0 = Debug|Any CPU
		{1F317A0D-BCBD-454F-A79A-98F731885CC1}.Release|Any CPU.ActiveCfg = Release|Any CPU
		{1F317A0D-BCBD-454F-A79A-98F731885CC1}.Release|Any CPU.Build.0 = Release|Any CPU
		{8596DAE1-1344-4D72-BC45-A88E70BE1805}.Debug|Any CPU.ActiveCfg = Debug|Any CPU
		{8596DAE1-1344-4D72-BC45-A88E70BE1805}.Debug|Any CPU.Build.0 = Debug|Any CPU
		{8596DAE1-1344-4D72-BC45-A88E70BE1805}.Release|Any CPU.ActiveCfg = Release|Any CPU
		{8596DAE1-1344-4D72-BC45-A88E70BE1805}.Release|Any CPU.Build.0 = Release|Any CPU
		{6F25ABA6-6107-4231-8B29-555045BC7EEB}.Debug|Any CPU.ActiveCfg = Debug|Any CPU
		{6F25ABA6-6107-4231-8B29-555045BC7EEB}.Debug|Any CPU.Build.0 = Debug|Any CPU
		{6F25ABA6-6107-4231-8B29-555045BC7EEB}.Release|Any CPU.ActiveCfg = Release|Any CPU
		{6F25ABA6-6107-4231-8B29-555045BC7EEB}.Release|Any CPU.Build.0 = Release|Any CPU
		{3643A95E-5909-4E82-A354-A9495D191DEA}.Debug|Any CPU.ActiveCfg = Debug|Any CPU
		{3643A95E-5909-4E82-A354-A9495D191DEA}.Debug|Any CPU.Build.0 = Debug|Any CPU
		{3643A95E-5909-4E82-A354-A9495D191DEA}.Release|Any CPU.ActiveCfg = Release|Any CPU
		{3643A95E-5909-4E82-A354-A9495D191DEA}.Release|Any CPU.Build.0 = Release|Any CPU
		{4AF4F3CF-583D-4A48-B472-53BCF76569FA}.Debug|Any CPU.ActiveCfg = Debug|Any CPU
		{4AF4F3CF-583D-4A48-B472-53BCF76569FA}.Debug|Any CPU.Build.0 = Debug|Any CPU
		{4AF4F3CF-583D-4A48-B472-53BCF76569FA}.Release|Any CPU.ActiveCfg = Release|Any CPU
		{4AF4F3CF-583D-4A48-B472-53BCF76569FA}.Release|Any CPU.Build.0 = Release|Any CPU
		{C58EC2D0-2D32-412C-A460-AE92DD54E271}.Debug|Any CPU.ActiveCfg = Debug|Any CPU
		{C58EC2D0-2D32-412C-A460-AE92DD54E271}.Debug|Any CPU.Build.0 = Debug|Any CPU
		{C58EC2D0-2D32-412C-A460-AE92DD54E271}.Release|Any CPU.ActiveCfg = Release|Any CPU
		{C58EC2D0-2D32-412C-A460-AE92DD54E271}.Release|Any CPU.Build.0 = Release|Any CPU
		{2A7783FD-3B3D-4F40-99C5-C85D2E8410CC}.Debug|Any CPU.ActiveCfg = Debug|Any CPU
		{2A7783FD-3B3D-4F40-99C5-C85D2E8410CC}.Debug|Any CPU.Build.0 = Debug|Any CPU
		{2A7783FD-3B3D-4F40-99C5-C85D2E8410CC}.Release|Any CPU.ActiveCfg = Release|Any CPU
		{2A7783FD-3B3D-4F40-99C5-C85D2E8410CC}.Release|Any CPU.Build.0 = Release|Any CPU
		{A836F3B4-6055-4162-9DA2-117CBE81C583}.Debug|Any CPU.ActiveCfg = Debug|Any CPU
		{A836F3B4-6055-4162-9DA2-117CBE81C583}.Debug|Any CPU.Build.0 = Debug|Any CPU
		{A836F3B4-6055-4162-9DA2-117CBE81C583}.Release|Any CPU.ActiveCfg = Release|Any CPU
		{A836F3B4-6055-4162-9DA2-117CBE81C583}.Release|Any CPU.Build.0 = Release|Any CPU
		{EF01883D-3708-4429-B111-101BE27A8E61}.Debug|Any CPU.ActiveCfg = Debug|Any CPU
		{EF01883D-3708-4429-B111-101BE27A8E61}.Debug|Any CPU.Build.0 = Debug|Any CPU
		{EF01883D-3708-4429-B111-101BE27A8E61}.Release|Any CPU.ActiveCfg = Release|Any CPU
		{EF01883D-3708-4429-B111-101BE27A8E61}.Release|Any CPU.Build.0 = Release|Any CPU
		{1FDC1336-6228-4626-AB14-E69A74EE4F9D}.Debug|Any CPU.ActiveCfg = Debug|Any CPU
		{1FDC1336-6228-4626-AB14-E69A74EE4F9D}.Debug|Any CPU.Build.0 = Debug|Any CPU
		{1FDC1336-6228-4626-AB14-E69A74EE4F9D}.Release|Any CPU.ActiveCfg = Release|Any CPU
		{1FDC1336-6228-4626-AB14-E69A74EE4F9D}.Release|Any CPU.Build.0 = Release|Any CPU
		{D87EB737-CD3F-4523-AD40-877BE81AFF29}.Debug|Any CPU.ActiveCfg = Debug|Any CPU
		{D87EB737-CD3F-4523-AD40-877BE81AFF29}.Debug|Any CPU.Build.0 = Debug|Any CPU
		{D87EB737-CD3F-4523-AD40-877BE81AFF29}.Release|Any CPU.ActiveCfg = Release|Any CPU
		{D87EB737-CD3F-4523-AD40-877BE81AFF29}.Release|Any CPU.Build.0 = Release|Any CPU
		{8A7B52FF-E601-410B-A2AB-B5FA389662E1}.Debug|Any CPU.ActiveCfg = Debug|Any CPU
		{8A7B52FF-E601-410B-A2AB-B5FA389662E1}.Debug|Any CPU.Build.0 = Debug|Any CPU
		{8A7B52FF-E601-410B-A2AB-B5FA389662E1}.Release|Any CPU.ActiveCfg = Release|Any CPU
		{8A7B52FF-E601-410B-A2AB-B5FA389662E1}.Release|Any CPU.Build.0 = Release|Any CPU
		{C871C736-3973-42D1-BF85-BDCA4E00A04E}.Debug|Any CPU.ActiveCfg = Debug|Any CPU
		{C871C736-3973-42D1-BF85-BDCA4E00A04E}.Debug|Any CPU.Build.0 = Debug|Any CPU
		{C871C736-3973-42D1-BF85-BDCA4E00A04E}.Release|Any CPU.ActiveCfg = Release|Any CPU
		{C871C736-3973-42D1-BF85-BDCA4E00A04E}.Release|Any CPU.Build.0 = Release|Any CPU
		{2A9964C6-953A-4E40-9DCA-57D94857DC26}.Debug|Any CPU.ActiveCfg = Debug|Any CPU
		{2A9964C6-953A-4E40-9DCA-57D94857DC26}.Debug|Any CPU.Build.0 = Debug|Any CPU
		{2A9964C6-953A-4E40-9DCA-57D94857DC26}.Release|Any CPU.ActiveCfg = Release|Any CPU
		{2A9964C6-953A-4E40-9DCA-57D94857DC26}.Release|Any CPU.Build.0 = Release|Any CPU
		{B741DE2C-1636-45D5-99F7-CC87FF29DAFC}.Debug|Any CPU.ActiveCfg = Debug|Any CPU
		{B741DE2C-1636-45D5-99F7-CC87FF29DAFC}.Debug|Any CPU.Build.0 = Debug|Any CPU
		{B741DE2C-1636-45D5-99F7-CC87FF29DAFC}.Release|Any CPU.ActiveCfg = Release|Any CPU
		{B741DE2C-1636-45D5-99F7-CC87FF29DAFC}.Release|Any CPU.Build.0 = Release|Any CPU
		{78D99B62-3D63-4915-AA76-E428A9FC9E10}.Debug|Any CPU.ActiveCfg = Debug|Any CPU
		{78D99B62-3D63-4915-AA76-E428A9FC9E10}.Debug|Any CPU.Build.0 = Debug|Any CPU
		{78D99B62-3D63-4915-AA76-E428A9FC9E10}.Release|Any CPU.ActiveCfg = Release|Any CPU
		{78D99B62-3D63-4915-AA76-E428A9FC9E10}.Release|Any CPU.Build.0 = Release|Any CPU
		{52700A74-5E28-4582-92EF-DBC8F520BF18}.Debug|Any CPU.ActiveCfg = Debug|Any CPU
		{52700A74-5E28-4582-92EF-DBC8F520BF18}.Debug|Any CPU.Build.0 = Debug|Any CPU
		{52700A74-5E28-4582-92EF-DBC8F520BF18}.Release|Any CPU.ActiveCfg = Release|Any CPU
		{52700A74-5E28-4582-92EF-DBC8F520BF18}.Release|Any CPU.Build.0 = Release|Any CPU
		{F2F56BD6-E936-4CA5-9463-0DFE067FAAB2}.Debug|Any CPU.ActiveCfg = Debug|Any CPU
		{F2F56BD6-E936-4CA5-9463-0DFE067FAAB2}.Debug|Any CPU.Build.0 = Debug|Any CPU
		{F2F56BD6-E936-4CA5-9463-0DFE067FAAB2}.Release|Any CPU.ActiveCfg = Release|Any CPU
		{F2F56BD6-E936-4CA5-9463-0DFE067FAAB2}.Release|Any CPU.Build.0 = Release|Any CPU
		{E1EA5886-0BB6-4894-B3E0-67E9E9BFA85E}.Debug|Any CPU.ActiveCfg = Debug|Any CPU
		{E1EA5886-0BB6-4894-B3E0-67E9E9BFA85E}.Debug|Any CPU.Build.0 = Debug|Any CPU
		{E1EA5886-0BB6-4894-B3E0-67E9E9BFA85E}.Release|Any CPU.ActiveCfg = Release|Any CPU
		{E1EA5886-0BB6-4894-B3E0-67E9E9BFA85E}.Release|Any CPU.Build.0 = Release|Any CPU
		{65F3F7D1-855C-480B-9515-658FD94BFD90}.Debug|Any CPU.ActiveCfg = Debug|Any CPU
		{65F3F7D1-855C-480B-9515-658FD94BFD90}.Debug|Any CPU.Build.0 = Debug|Any CPU
		{65F3F7D1-855C-480B-9515-658FD94BFD90}.Release|Any CPU.ActiveCfg = Release|Any CPU
		{65F3F7D1-855C-480B-9515-658FD94BFD90}.Release|Any CPU.Build.0 = Release|Any CPU
		{92C2BB6B-311C-4B44-854C-0CFF548F96BE}.Debug|Any CPU.ActiveCfg = Debug|Any CPU
		{92C2BB6B-311C-4B44-854C-0CFF548F96BE}.Debug|Any CPU.Build.0 = Debug|Any CPU
		{92C2BB6B-311C-4B44-854C-0CFF548F96BE}.Release|Any CPU.ActiveCfg = Release|Any CPU
		{92C2BB6B-311C-4B44-854C-0CFF548F96BE}.Release|Any CPU.Build.0 = Release|Any CPU
		{C4B9FCC0-5144-4D50-90C9-54B595093C57}.Debug|Any CPU.ActiveCfg = Debug|Any CPU
		{C4B9FCC0-5144-4D50-90C9-54B595093C57}.Debug|Any CPU.Build.0 = Debug|Any CPU
		{C4B9FCC0-5144-4D50-90C9-54B595093C57}.Release|Any CPU.ActiveCfg = Release|Any CPU
		{C4B9FCC0-5144-4D50-90C9-54B595093C57}.Release|Any CPU.Build.0 = Release|Any CPU
		{AD548CBB-B8E4-4AE3-8112-3D4B5D43C7B4}.Debug|Any CPU.ActiveCfg = Debug|Any CPU
		{AD548CBB-B8E4-4AE3-8112-3D4B5D43C7B4}.Debug|Any CPU.Build.0 = Debug|Any CPU
		{AD548CBB-B8E4-4AE3-8112-3D4B5D43C7B4}.Release|Any CPU.ActiveCfg = Release|Any CPU
		{AD548CBB-B8E4-4AE3-8112-3D4B5D43C7B4}.Release|Any CPU.Build.0 = Release|Any CPU
		{E6085E90-ED31-490F-9725-2B3EE5D948FE}.Debug|Any CPU.ActiveCfg = Debug|Any CPU
		{E6085E90-ED31-490F-9725-2B3EE5D948FE}.Debug|Any CPU.Build.0 = Debug|Any CPU
		{E6085E90-ED31-490F-9725-2B3EE5D948FE}.Release|Any CPU.ActiveCfg = Release|Any CPU
		{E6085E90-ED31-490F-9725-2B3EE5D948FE}.Release|Any CPU.Build.0 = Release|Any CPU
		{931017ED-C532-4CD8-A393-59487646E253}.Debug|Any CPU.ActiveCfg = Debug|Any CPU
		{931017ED-C532-4CD8-A393-59487646E253}.Debug|Any CPU.Build.0 = Debug|Any CPU
		{931017ED-C532-4CD8-A393-59487646E253}.Release|Any CPU.ActiveCfg = Release|Any CPU
		{931017ED-C532-4CD8-A393-59487646E253}.Release|Any CPU.Build.0 = Release|Any CPU
		{C8604F7C-05D6-4B58-A853-A5DDB3CFBEFC}.Debug|Any CPU.ActiveCfg = Debug|Any CPU
		{C8604F7C-05D6-4B58-A853-A5DDB3CFBEFC}.Debug|Any CPU.Build.0 = Debug|Any CPU
		{C8604F7C-05D6-4B58-A853-A5DDB3CFBEFC}.Release|Any CPU.ActiveCfg = Release|Any CPU
		{C8604F7C-05D6-4B58-A853-A5DDB3CFBEFC}.Release|Any CPU.Build.0 = Release|Any CPU
		{01756578-025C-4441-8063-4A6DD7A659BA}.Debug|Any CPU.ActiveCfg = Debug|Any CPU
		{01756578-025C-4441-8063-4A6DD7A659BA}.Debug|Any CPU.Build.0 = Debug|Any CPU
		{01756578-025C-4441-8063-4A6DD7A659BA}.Release|Any CPU.ActiveCfg = Release|Any CPU
		{01756578-025C-4441-8063-4A6DD7A659BA}.Release|Any CPU.Build.0 = Release|Any CPU
		{0F798822-6220-4978-AEF0-6C8D6998F2C7}.Debug|Any CPU.ActiveCfg = Debug|Any CPU
		{0F798822-6220-4978-AEF0-6C8D6998F2C7}.Debug|Any CPU.Build.0 = Debug|Any CPU
		{0F798822-6220-4978-AEF0-6C8D6998F2C7}.Release|Any CPU.ActiveCfg = Release|Any CPU
		{0F798822-6220-4978-AEF0-6C8D6998F2C7}.Release|Any CPU.Build.0 = Release|Any CPU
		{0FA8EB15-B613-404F-873B-0E7EA4D25AFD}.Debug|Any CPU.ActiveCfg = Debug|Any CPU
		{0FA8EB15-B613-404F-873B-0E7EA4D25AFD}.Debug|Any CPU.Build.0 = Debug|Any CPU
		{0FA8EB15-B613-404F-873B-0E7EA4D25AFD}.Release|Any CPU.ActiveCfg = Release|Any CPU
		{0FA8EB15-B613-404F-873B-0E7EA4D25AFD}.Release|Any CPU.Build.0 = Release|Any CPU
		{AAAED1B1-7B80-4BA8-945D-0A7182450863}.Debug|Any CPU.ActiveCfg = Debug|Any CPU
		{AAAED1B1-7B80-4BA8-945D-0A7182450863}.Debug|Any CPU.Build.0 = Debug|Any CPU
		{AAAED1B1-7B80-4BA8-945D-0A7182450863}.Release|Any CPU.ActiveCfg = Release|Any CPU
		{AAAED1B1-7B80-4BA8-945D-0A7182450863}.Release|Any CPU.Build.0 = Release|Any CPU
		{57ABEC98-79E8-4E99-B74E-3D50DE996FBE}.Debug|Any CPU.ActiveCfg = Debug|Any CPU
		{57ABEC98-79E8-4E99-B74E-3D50DE996FBE}.Debug|Any CPU.Build.0 = Debug|Any CPU
		{57ABEC98-79E8-4E99-B74E-3D50DE996FBE}.Release|Any CPU.ActiveCfg = Release|Any CPU
		{57ABEC98-79E8-4E99-B74E-3D50DE996FBE}.Release|Any CPU.Build.0 = Release|Any CPU
		{82524CEC-1E47-4E81-AF4C-289EBFFA7041}.Debug|Any CPU.ActiveCfg = Debug|Any CPU
		{82524CEC-1E47-4E81-AF4C-289EBFFA7041}.Debug|Any CPU.Build.0 = Debug|Any CPU
		{82524CEC-1E47-4E81-AF4C-289EBFFA7041}.Release|Any CPU.ActiveCfg = Release|Any CPU
		{82524CEC-1E47-4E81-AF4C-289EBFFA7041}.Release|Any CPU.Build.0 = Release|Any CPU
		{5FA74D1F-8F22-4F5A-A7E6-9A20D870E2AC}.Debug|Any CPU.ActiveCfg = Debug|Any CPU
		{5FA74D1F-8F22-4F5A-A7E6-9A20D870E2AC}.Debug|Any CPU.Build.0 = Debug|Any CPU
		{5FA74D1F-8F22-4F5A-A7E6-9A20D870E2AC}.Release|Any CPU.ActiveCfg = Release|Any CPU
		{5FA74D1F-8F22-4F5A-A7E6-9A20D870E2AC}.Release|Any CPU.Build.0 = Release|Any CPU
	EndGlobalSection
	GlobalSection(SolutionProperties) = preSolution
		HideSolutionNode = FALSE
	EndGlobalSection
	GlobalSection(NestedProjects) = preSolution
		{F069FF9B-8E66-474C-ABBA-5AAE4450D54A} = {6DF42BF3-4295-4154-B828-1C9B66BA669C}
		{1379B344-BC1F-44E4-A90E-FFB3F3E7D394} = {F069FF9B-8E66-474C-ABBA-5AAE4450D54A}
		{64FE30E3-CCD2-4CA5-862A-9B21A5DCACF5} = {6DF42BF3-4295-4154-B828-1C9B66BA669C}
		{C6BC6757-C7CA-4773-9533-AD5E432517CC} = {64FE30E3-CCD2-4CA5-862A-9B21A5DCACF5}
		{B88F28D4-1046-4872-8540-A48128B13C21} = {64FE30E3-CCD2-4CA5-862A-9B21A5DCACF5}
		{519415AE-A3E9-4CF7-A957-EE663206E854} = {6DF42BF3-4295-4154-B828-1C9B66BA669C}
		{1F317A0D-BCBD-454F-A79A-98F731885CC1} = {519415AE-A3E9-4CF7-A957-EE663206E854}
		{8596DAE1-1344-4D72-BC45-A88E70BE1805} = {519415AE-A3E9-4CF7-A957-EE663206E854}
		{96FA999F-0102-48CA-9249-C34896A45139} = {7FE17AD9-8651-47C9-9C57-4661751E1410}
		{4AF4F3CF-583D-4A48-B472-53BCF76569FA} = {96FA999F-0102-48CA-9249-C34896A45139}
		{671731DA-DC81-4BC9-BEBE-31AE7BE1459B} = {7FE17AD9-8651-47C9-9C57-4661751E1410}
		{C58EC2D0-2D32-412C-A460-AE92DD54E271} = {671731DA-DC81-4BC9-BEBE-31AE7BE1459B}
		{2A7783FD-3B3D-4F40-99C5-C85D2E8410CC} = {671731DA-DC81-4BC9-BEBE-31AE7BE1459B}
		{2D30730F-936B-413D-A60E-D38B0C5B29AA} = {7FE17AD9-8651-47C9-9C57-4661751E1410}
		{A836F3B4-6055-4162-9DA2-117CBE81C583} = {2D30730F-936B-413D-A60E-D38B0C5B29AA}
		{EF01883D-3708-4429-B111-101BE27A8E61} = {2D30730F-936B-413D-A60E-D38B0C5B29AA}
		{541316AD-7F79-4951-BF36-874F266EBF30} = {DA778EC1-DA3D-4475-95F3-54831C533E04}
		{1FDC1336-6228-4626-AB14-E69A74EE4F9D} = {541316AD-7F79-4951-BF36-874F266EBF30}
		{AB0B44FA-6D73-4F15-BAEF-4A7F3E66ABE1} = {DA778EC1-DA3D-4475-95F3-54831C533E04}
		{D87EB737-CD3F-4523-AD40-877BE81AFF29} = {AB0B44FA-6D73-4F15-BAEF-4A7F3E66ABE1}
		{9F97827C-AB74-4CF0-AF27-15279C90286B} = {DA778EC1-DA3D-4475-95F3-54831C533E04}
		{8A7B52FF-E601-410B-A2AB-B5FA389662E1} = {9F97827C-AB74-4CF0-AF27-15279C90286B}
		{C871C736-3973-42D1-BF85-BDCA4E00A04E} = {9F97827C-AB74-4CF0-AF27-15279C90286B}
		{2A9964C6-953A-4E40-9DCA-57D94857DC26} = {AB0B44FA-6D73-4F15-BAEF-4A7F3E66ABE1}
		{7893785E-3044-4FEE-B9D1-1FA261E8F161} = {940579BE-8C76-4794-89B1-70A58C8510A3}
		{B741DE2C-1636-45D5-99F7-CC87FF29DAFC} = {7893785E-3044-4FEE-B9D1-1FA261E8F161}
		{F6078908-DEF4-4101-AF30-E676B2D621B4} = {940579BE-8C76-4794-89B1-70A58C8510A3}
		{78D99B62-3D63-4915-AA76-E428A9FC9E10} = {F6078908-DEF4-4101-AF30-E676B2D621B4}
		{52700A74-5E28-4582-92EF-DBC8F520BF18} = {F6078908-DEF4-4101-AF30-E676B2D621B4}
		{4C508D08-D92B-49DD-AAC5-6A51471364C3} = {940579BE-8C76-4794-89B1-70A58C8510A3}
		{F2F56BD6-E936-4CA5-9463-0DFE067FAAB2} = {4C508D08-D92B-49DD-AAC5-6A51471364C3}
		{E1EA5886-0BB6-4894-B3E0-67E9E9BFA85E} = {4C508D08-D92B-49DD-AAC5-6A51471364C3}
		{8A63D935-9E42-4DB1-9E54-0203E1B5F02E} = {1A116A32-2ADC-4FBE-8457-56FA419D58AF}
		{65F3F7D1-855C-480B-9515-658FD94BFD90} = {8A63D935-9E42-4DB1-9E54-0203E1B5F02E}
		{C48B9B0A-DC50-4E9E-84E6-063C9B514DE6} = {1A116A32-2ADC-4FBE-8457-56FA419D58AF}
		{92C2BB6B-311C-4B44-854C-0CFF548F96BE} = {C48B9B0A-DC50-4E9E-84E6-063C9B514DE6}
		{C4B9FCC0-5144-4D50-90C9-54B595093C57} = {C48B9B0A-DC50-4E9E-84E6-063C9B514DE6}
		{1B9B40E6-B384-4CBE-8E82-7FF979893F23} = {1A116A32-2ADC-4FBE-8457-56FA419D58AF}
		{AD548CBB-B8E4-4AE3-8112-3D4B5D43C7B4} = {1B9B40E6-B384-4CBE-8E82-7FF979893F23}
		{E6085E90-ED31-490F-9725-2B3EE5D948FE} = {1B9B40E6-B384-4CBE-8E82-7FF979893F23}
		{A1AB3305-55DE-4043-96D1-A274519CA284} = {FC96189A-4903-42B2-A7F4-C484D1B00C17}
		{931017ED-C532-4CD8-A393-59487646E253} = {A1AB3305-55DE-4043-96D1-A274519CA284}
		{20DF037E-2200-4943-BC7A-9EEBFF4B2FB3} = {FC96189A-4903-42B2-A7F4-C484D1B00C17}
		{C8604F7C-05D6-4B58-A853-A5DDB3CFBEFC} = {20DF037E-2200-4943-BC7A-9EEBFF4B2FB3}
		{01756578-025C-4441-8063-4A6DD7A659BA} = {20DF037E-2200-4943-BC7A-9EEBFF4B2FB3}
		{86E895C8-BBB3-4930-B6C0-B8727BB69EE2} = {FC96189A-4903-42B2-A7F4-C484D1B00C17}
		{0F798822-6220-4978-AEF0-6C8D6998F2C7} = {86E895C8-BBB3-4930-B6C0-B8727BB69EE2}
		{0FA8EB15-B613-404F-873B-0E7EA4D25AFD} = {86E895C8-BBB3-4930-B6C0-B8727BB69EE2}
		{AAAED1B1-7B80-4BA8-945D-0A7182450863} = {519415AE-A3E9-4CF7-A957-EE663206E854}
		{5006308C-F1DF-4DE2-A9B2-649690FAE3A2} = {6DF42BF3-4295-4154-B828-1C9B66BA669C}
		{57ABEC98-79E8-4E99-B74E-3D50DE996FBE} = {5006308C-F1DF-4DE2-A9B2-649690FAE3A2}
		{C668B3F7-BC21-4E83-B61E-A514E09AAF92} = {DA778EC1-DA3D-4475-95F3-54831C533E04}
		{82524CEC-1E47-4E81-AF4C-289EBFFA7041} = {C668B3F7-BC21-4E83-B61E-A514E09AAF92}
		{5FA74D1F-8F22-4F5A-A7E6-9A20D870E2AC} = {519415AE-A3E9-4CF7-A957-EE663206E854}
	EndGlobalSection
	GlobalSection(ExtensibilityGlobals) = postSolution
		SolutionGuid = {48A554B3-6217-4E43-AF8D-5CD60293185E}
	EndGlobalSection
EndGlobal
