
Microsoft Visual Studio Solution File, Format Version 12.00
# Visual Studio Version 17
VisualStudioVersion = 17.0.32014.148
MinimumVisualStudioVersion = 10.0.40219.1
Project("{2150E333-8FDC-42A3-9474-1A3956D46DE8}") = "ShopManagement", "ShopManagement", "{6DF42BF3-4295-4154-B828-1C9B66BA669C}"
EndProject
Project("{2150E333-8FDC-42A3-9474-1A3956D46DE8}") = "SM.Domain", "SM.Domain", "{F069FF9B-8E66-474C-ABBA-5AAE4450D54A}"
EndProject
Project("{9A19103F-16F7-4668-BE54-9A1E7A4F7556}") = "ShopManagement.Domain", "ShopManagement.Domain\ShopManagement.Domain.csproj", "{1379B344-BC1F-44E4-A90E-FFB3F3E7D394}"
EndProject
Project("{9A19103F-16F7-4668-BE54-9A1E7A4F7556}") = "0_Framework", "0_Framework\0_Framework.csproj", "{0CC39C32-4490-43F1-8B09-77558FCB7EDD}"
EndProject
Project("{2150E333-8FDC-42A3-9474-1A3956D46DE8}") = "SM.Application", "SM.Application", "{64FE30E3-CCD2-4CA5-862A-9B21A5DCACF5}"
EndProject
Project("{9A19103F-16F7-4668-BE54-9A1E7A4F7556}") = "ShopManagement.Application.Contracts", "ShopManagement.Application.Contracts\ShopManagement.Application.Contracts.csproj", "{C6BC6757-C7CA-4773-9533-AD5E432517CC}"
EndProject
Project("{9A19103F-16F7-4668-BE54-9A1E7A4F7556}") = "ShopManagement.Application", "ShopManagement.Application\ShopManagement.Application.csproj", "{B88F28D4-1046-4872-8540-A48128B13C21}"
EndProject
Project("{2150E333-8FDC-42A3-9474-1A3956D46DE8}") = "SM.Infrastructure", "SM.Infrastructure", "{519415AE-A3E9-4CF7-A957-EE663206E854}"
EndProject
Project("{9A19103F-16F7-4668-BE54-9A1E7A4F7556}") = "ShopManagement.Infrastructure.EFCore", "ShopManagement.Infrastructure.EFCore\ShopManagement.Infrastructure.EFCore.csproj", "{1F317A0D-BCBD-454F-A79A-98F731885CC1}"
EndProject
Project("{9A19103F-16F7-4668-BE54-9A1E7A4F7556}") = "ShopManagement.Infrastructure.Configuration", "ShopManagement.Infrastructure.Configuration\ShopManagement.Infrastructure.Configuration.csproj", "{8596DAE1-1344-4D72-BC45-A88E70BE1805}"
EndProject
Project("{9A19103F-16F7-4668-BE54-9A1E7A4F7556}") = "ServiceHost", "ServiceHost\ServiceHost.csproj", "{6F25ABA6-6107-4231-8B29-555045BC7EEB}"
EndProject
Project("{9A19103F-16F7-4668-BE54-9A1E7A4F7556}") = "01_ShopFaQuery", "01_ShopFaQuery\01_ShopFaQuery.csproj", "{3643A95E-5909-4E82-A354-A9495D191DEA}"
EndProject
Project("{2150E333-8FDC-42A3-9474-1A3956D46DE8}") = "DiscountManagement", "DiscountManagement", "{7FE17AD9-8651-47C9-9C57-4661751E1410}"
EndProject
Project("{2150E333-8FDC-42A3-9474-1A3956D46DE8}") = "DM.Domain", "DM.Domain", "{96FA999F-0102-48CA-9249-C34896A45139}"
EndProject
Project("{9A19103F-16F7-4668-BE54-9A1E7A4F7556}") = "DiscountManagement.Domain", "DiscountManagement.Domain\DiscountManagement.Domain.csproj", "{4AF4F3CF-583D-4A48-B472-53BCF76569FA}"
EndProject
Project("{2150E333-8FDC-42A3-9474-1A3956D46DE8}") = "DM.Application", "DM.Application", "{671731DA-DC81-4BC9-BEBE-31AE7BE1459B}"
EndProject
Project("{9A19103F-16F7-4668-BE54-9A1E7A4F7556}") = "DiscountManagement.Application.Contracts", "DiscountManagement.Application.Contracts\DiscountManagement.Application.Contracts.csproj", "{C58EC2D0-2D32-412C-A460-AE92DD54E271}"
EndProject
Project("{9A19103F-16F7-4668-BE54-9A1E7A4F7556}") = "DiscountManagement.Application", "DiscountManagement.Application\DiscountManagement.Application.csproj", "{2A7783FD-3B3D-4F40-99C5-C85D2E8410CC}"
EndProject
Project("{2150E333-8FDC-42A3-9474-1A3956D46DE8}") = "DM.Infrastructure", "DM.Infrastructure", "{2D30730F-936B-413D-A60E-D38B0C5B29AA}"
EndProject
Project("{9A19103F-16F7-4668-BE54-9A1E7A4F7556}") = "DiscountManagement.Infrastructure.EFCore", "DiscountManagement.Infrastructure.EFCore\DiscountManagement.Infrastructure.EFCore.csproj", "{A836F3B4-6055-4162-9DA2-117CBE81C583}"
EndProject
Project("{9A19103F-16F7-4668-BE54-9A1E7A4F7556}") = "DiscountManagement.Infrastructure.Configuration", "DiscountManagement.Infrastructure.Configuration\DiscountManagement.Infrastructure.Configuration.csproj", "{EF01883D-3708-4429-B111-101BE27A8E61}"
EndProject
Project("{2150E333-8FDC-42A3-9474-1A3956D46DE8}") = "InventoryManagement", "InventoryManagement", "{DA778EC1-DA3D-4475-95F3-54831C533E04}"
EndProject
Project("{2150E333-8FDC-42A3-9474-1A3956D46DE8}") = "IM.Domain", "IM.Domain", "{541316AD-7F79-4951-BF36-874F266EBF30}"
EndProject
Project("{9A19103F-16F7-4668-BE54-9A1E7A4F7556}") = "InventoryManagement.Domain", "InventoryManagement.Domain\InventoryManagement.Domain.csproj", "{1FDC1336-6228-4626-AB14-E69A74EE4F9D}"
EndProject
Project("{2150E333-8FDC-42A3-9474-1A3956D46DE8}") = "IM.Application", "IM.Application", "{AB0B44FA-6D73-4F15-BAEF-4A7F3E66ABE1}"
EndProject
Project("{9A19103F-16F7-4668-BE54-9A1E7A4F7556}") = "InventoryManagement.Application.Contract", "InventoryManagement.Application.Contract\InventoryManagement.Application.Contract.csproj", "{D87EB737-CD3F-4523-AD40-877BE81AFF29}"
EndProject
Project("{2150E333-8FDC-42A3-9474-1A3956D46DE8}") = "IM.Infrastructure", "IM.Infrastructure", "{9F97827C-AB74-4CF0-AF27-15279C90286B}"
EndProject
Project("{9A19103F-16F7-4668-BE54-9A1E7A4F7556}") = "InventoryManagement.Infrastructure.EfCore", "InventoryManagement.EfCore\InventoryManagement.Infrastructure.EfCore.csproj", "{8A7B52FF-E601-410B-A2AB-B5FA389662E1}"
EndProject
Project("{9A19103F-16F7-4668-BE54-9A1E7A4F7556}") = "InventoryManagement.Infrastructure.Configuration", "InventoryManagement.Infrastructure.Configuration\InventoryManagement.Infrastructure.Configuration.csproj", "{C871C736-3973-42D1-BF85-BDCA4E00A04E}"
EndProject
Project("{9A19103F-16F7-4668-BE54-9A1E7A4F7556}") = "InventoryManagement.Application", "InventoryManagement.Application\InventoryManagement.Application.csproj", "{2A9964C6-953A-4E40-9DCA-57D94857DC26}"
EndProject
Global
	GlobalSection(SolutionConfigurationPlatforms) = preSolution
		Debug|Any CPU = Debug|Any CPU
		Release|Any CPU = Release|Any CPU
	EndGlobalSection
	GlobalSection(ProjectConfigurationPlatforms) = postSolution
		{1379B344-BC1F-44E4-A90E-FFB3F3E7D394}.Debug|Any CPU.ActiveCfg = Debug|Any CPU
		{1379B344-BC1F-44E4-A90E-FFB3F3E7D394}.Debug|Any CPU.Build.0 = Debug|Any CPU
		{1379B344-BC1F-44E4-A90E-FFB3F3E7D394}.Release|Any CPU.ActiveCfg = Release|Any CPU
		{1379B344-BC1F-44E4-A90E-FFB3F3E7D394}.Release|Any CPU.Build.0 = Release|Any CPU
		{0CC39C32-4490-43F1-8B09-77558FCB7EDD}.Debug|Any CPU.ActiveCfg = Debug|Any CPU
		{0CC39C32-4490-43F1-8B09-77558FCB7EDD}.Debug|Any CPU.Build.0 = Debug|Any CPU
		{0CC39C32-4490-43F1-8B09-77558FCB7EDD}.Release|Any CPU.ActiveCfg = Release|Any CPU
		{0CC39C32-4490-43F1-8B09-77558FCB7EDD}.Release|Any CPU.Build.0 = Release|Any CPU
		{C6BC6757-C7CA-4773-9533-AD5E432517CC}.Debug|Any CPU.ActiveCfg = Debug|Any CPU
		{C6BC6757-C7CA-4773-9533-AD5E432517CC}.Debug|Any CPU.Build.0 = Debug|Any CPU
		{C6BC6757-C7CA-4773-9533-AD5E432517CC}.Release|Any CPU.ActiveCfg = Release|Any CPU
		{C6BC6757-C7CA-4773-9533-AD5E432517CC}.Release|Any CPU.Build.0 = Release|Any CPU
		{B88F28D4-1046-4872-8540-A48128B13C21}.Debug|Any CPU.ActiveCfg = Debug|Any CPU
		{B88F28D4-1046-4872-8540-A48128B13C21}.Debug|Any CPU.Build.0 = Debug|Any CPU
		{B88F28D4-1046-4872-8540-A48128B13C21}.Release|Any CPU.ActiveCfg = Release|Any CPU
		{B88F28D4-1046-4872-8540-A48128B13C21}.Release|Any CPU.Build.0 = Release|Any CPU
		{1F317A0D-BCBD-454F-A79A-98F731885CC1}.Debug|Any CPU.ActiveCfg = Debug|Any CPU
		{1F317A0D-BCBD-454F-A79A-98F731885CC1}.Debug|Any CPU.Build.0 = Debug|Any CPU
		{1F317A0D-BCBD-454F-A79A-98F731885CC1}.Release|Any CPU.ActiveCfg = Release|Any CPU
		{1F317A0D-BCBD-454F-A79A-98F731885CC1}.Release|Any CPU.Build.0 = Release|Any CPU
		{8596DAE1-1344-4D72-BC45-A88E70BE1805}.Debug|Any CPU.ActiveCfg = Debug|Any CPU
		{8596DAE1-1344-4D72-BC45-A88E70BE1805}.Debug|Any CPU.Build.0 = Debug|Any CPU
		{8596DAE1-1344-4D72-BC45-A88E70BE1805}.Release|Any CPU.ActiveCfg = Release|Any CPU
		{8596DAE1-1344-4D72-BC45-A88E70BE1805}.Release|Any CPU.Build.0 = Release|Any CPU
		{6F25ABA6-6107-4231-8B29-555045BC7EEB}.Debug|Any CPU.ActiveCfg = Debug|Any CPU
		{6F25ABA6-6107-4231-8B29-555045BC7EEB}.Debug|Any CPU.Build.0 = Debug|Any CPU
		{6F25ABA6-6107-4231-8B29-555045BC7EEB}.Release|Any CPU.ActiveCfg = Release|Any CPU
		{6F25ABA6-6107-4231-8B29-555045BC7EEB}.Release|Any CPU.Build.0 = Release|Any CPU
		{3643A95E-5909-4E82-A354-A9495D191DEA}.Debug|Any CPU.ActiveCfg = Debug|Any CPU
		{3643A95E-5909-4E82-A354-A9495D191DEA}.Debug|Any CPU.Build.0 = Debug|Any CPU
		{3643A95E-5909-4E82-A354-A9495D191DEA}.Release|Any CPU.ActiveCfg = Release|Any CPU
		{3643A95E-5909-4E82-A354-A9495D191DEA}.Release|Any CPU.Build.0 = Release|Any CPU
		{4AF4F3CF-583D-4A48-B472-53BCF76569FA}.Debug|Any CPU.ActiveCfg = Debug|Any CPU
		{4AF4F3CF-583D-4A48-B472-53BCF76569FA}.Debug|Any CPU.Build.0 = Debug|Any CPU
		{4AF4F3CF-583D-4A48-B472-53BCF76569FA}.Release|Any CPU.ActiveCfg = Release|Any CPU
		{4AF4F3CF-583D-4A48-B472-53BCF76569FA}.Release|Any CPU.Build.0 = Release|Any CPU
		{C58EC2D0-2D32-412C-A460-AE92DD54E271}.Debug|Any CPU.ActiveCfg = Debug|Any CPU
		{C58EC2D0-2D32-412C-A460-AE92DD54E271}.Debug|Any CPU.Build.0 = Debug|Any CPU
		{C58EC2D0-2D32-412C-A460-AE92DD54E271}.Release|Any CPU.ActiveCfg = Release|Any CPU
		{C58EC2D0-2D32-412C-A460-AE92DD54E271}.Release|Any CPU.Build.0 = Release|Any CPU
		{2A7783FD-3B3D-4F40-99C5-C85D2E8410CC}.Debug|Any CPU.ActiveCfg = Debug|Any CPU
		{2A7783FD-3B3D-4F40-99C5-C85D2E8410CC}.Debug|Any CPU.Build.0 = Debug|Any CPU
		{2A7783FD-3B3D-4F40-99C5-C85D2E8410CC}.Release|Any CPU.ActiveCfg = Release|Any CPU
		{2A7783FD-3B3D-4F40-99C5-C85D2E8410CC}.Release|Any CPU.Build.0 = Release|Any CPU
		{A836F3B4-6055-4162-9DA2-117CBE81C583}.Debug|Any CPU.ActiveCfg = Debug|Any CPU
		{A836F3B4-6055-4162-9DA2-117CBE81C583}.Debug|Any CPU.Build.0 = Debug|Any CPU
		{A836F3B4-6055-4162-9DA2-117CBE81C583}.Release|Any CPU.ActiveCfg = Release|Any CPU
		{A836F3B4-6055-4162-9DA2-117CBE81C583}.Release|Any CPU.Build.0 = Release|Any CPU
		{EF01883D-3708-4429-B111-101BE27A8E61}.Debug|Any CPU.ActiveCfg = Debug|Any CPU
		{EF01883D-3708-4429-B111-101BE27A8E61}.Debug|Any CPU.Build.0 = Debug|Any CPU
		{EF01883D-3708-4429-B111-101BE27A8E61}.Release|Any CPU.ActiveCfg = Release|Any CPU
		{EF01883D-3708-4429-B111-101BE27A8E61}.Release|Any CPU.Build.0 = Release|Any CPU
		{1FDC1336-6228-4626-AB14-E69A74EE4F9D}.Debug|Any CPU.ActiveCfg = Debug|Any CPU
		{1FDC1336-6228-4626-AB14-E69A74EE4F9D}.Debug|Any CPU.Build.0 = Debug|Any CPU
		{1FDC1336-6228-4626-AB14-E69A74EE4F9D}.Release|Any CPU.ActiveCfg = Release|Any CPU
		{1FDC1336-6228-4626-AB14-E69A74EE4F9D}.Release|Any CPU.Build.0 = Release|Any CPU
		{D87EB737-CD3F-4523-AD40-877BE81AFF29}.Debug|Any CPU.ActiveCfg = Debug|Any CPU
		{D87EB737-CD3F-4523-AD40-877BE81AFF29}.Debug|Any CPU.Build.0 = Debug|Any CPU
		{D87EB737-CD3F-4523-AD40-877BE81AFF29}.Release|Any CPU.ActiveCfg = Release|Any CPU
		{D87EB737-CD3F-4523-AD40-877BE81AFF29}.Release|Any CPU.Build.0 = Release|Any CPU
		{8A7B52FF-E601-410B-A2AB-B5FA389662E1}.Debug|Any CPU.ActiveCfg = Debug|Any CPU
		{8A7B52FF-E601-410B-A2AB-B5FA389662E1}.Debug|Any CPU.Build.0 = Debug|Any CPU
		{8A7B52FF-E601-410B-A2AB-B5FA389662E1}.Release|Any CPU.ActiveCfg = Release|Any CPU
		{8A7B52FF-E601-410B-A2AB-B5FA389662E1}.Release|Any CPU.Build.0 = Release|Any CPU
		{C871C736-3973-42D1-BF85-BDCA4E00A04E}.Debug|Any CPU.ActiveCfg = Debug|Any CPU
		{C871C736-3973-42D1-BF85-BDCA4E00A04E}.Debug|Any CPU.Build.0 = Debug|Any CPU
		{C871C736-3973-42D1-BF85-BDCA4E00A04E}.Release|Any CPU.ActiveCfg = Release|Any CPU
		{C871C736-3973-42D1-BF85-BDCA4E00A04E}.Release|Any CPU.Build.0 = Release|Any CPU
		{2A9964C6-953A-4E40-9DCA-57D94857DC26}.Debug|Any CPU.ActiveCfg = Debug|Any CPU
		{2A9964C6-953A-4E40-9DCA-57D94857DC26}.Debug|Any CPU.Build.0 = Debug|Any CPU
		{2A9964C6-953A-4E40-9DCA-57D94857DC26}.Release|Any CPU.ActiveCfg = Release|Any CPU
		{2A9964C6-953A-4E40-9DCA-57D94857DC26}.Release|Any CPU.Build.0 = Release|Any CPU
	EndGlobalSection
	GlobalSection(SolutionProperties) = preSolution
		HideSolutionNode = FALSE
	EndGlobalSection
	GlobalSection(NestedProjects) = preSolution
		{F069FF9B-8E66-474C-ABBA-5AAE4450D54A} = {6DF42BF3-4295-4154-B828-1C9B66BA669C}
		{1379B344-BC1F-44E4-A90E-FFB3F3E7D394} = {F069FF9B-8E66-474C-ABBA-5AAE4450D54A}
		{64FE30E3-CCD2-4CA5-862A-9B21A5DCACF5} = {6DF42BF3-4295-4154-B828-1C9B66BA669C}
		{C6BC6757-C7CA-4773-9533-AD5E432517CC} = {64FE30E3-CCD2-4CA5-862A-9B21A5DCACF5}
		{B88F28D4-1046-4872-8540-A48128B13C21} = {64FE30E3-CCD2-4CA5-862A-9B21A5DCACF5}
		{519415AE-A3E9-4CF7-A957-EE663206E854} = {6DF42BF3-4295-4154-B828-1C9B66BA669C}
		{1F317A0D-BCBD-454F-A79A-98F731885CC1} = {519415AE-A3E9-4CF7-A957-EE663206E854}
		{8596DAE1-1344-4D72-BC45-A88E70BE1805} = {519415AE-A3E9-4CF7-A957-EE663206E854}
		{96FA999F-0102-48CA-9249-C34896A45139} = {7FE17AD9-8651-47C9-9C57-4661751E1410}
		{4AF4F3CF-583D-4A48-B472-53BCF76569FA} = {96FA999F-0102-48CA-9249-C34896A45139}
		{671731DA-DC81-4BC9-BEBE-31AE7BE1459B} = {7FE17AD9-8651-47C9-9C57-4661751E1410}
		{C58EC2D0-2D32-412C-A460-AE92DD54E271} = {671731DA-DC81-4BC9-BEBE-31AE7BE1459B}
		{2A7783FD-3B3D-4F40-99C5-C85D2E8410CC} = {671731DA-DC81-4BC9-BEBE-31AE7BE1459B}
		{2D30730F-936B-413D-A60E-D38B0C5B29AA} = {7FE17AD9-8651-47C9-9C57-4661751E1410}
		{A836F3B4-6055-4162-9DA2-117CBE81C583} = {2D30730F-936B-413D-A60E-D38B0C5B29AA}
		{EF01883D-3708-4429-B111-101BE27A8E61} = {2D30730F-936B-413D-A60E-D38B0C5B29AA}
		{541316AD-7F79-4951-BF36-874F266EBF30} = {DA778EC1-DA3D-4475-95F3-54831C533E04}
		{1FDC1336-6228-4626-AB14-E69A74EE4F9D} = {541316AD-7F79-4951-BF36-874F266EBF30}
		{AB0B44FA-6D73-4F15-BAEF-4A7F3E66ABE1} = {DA778EC1-DA3D-4475-95F3-54831C533E04}
		{D87EB737-CD3F-4523-AD40-877BE81AFF29} = {AB0B44FA-6D73-4F15-BAEF-4A7F3E66ABE1}
		{9F97827C-AB74-4CF0-AF27-15279C90286B} = {DA778EC1-DA3D-4475-95F3-54831C533E04}
		{8A7B52FF-E601-410B-A2AB-B5FA389662E1} = {9F97827C-AB74-4CF0-AF27-15279C90286B}
		{C871C736-3973-42D1-BF85-BDCA4E00A04E} = {9F97827C-AB74-4CF0-AF27-15279C90286B}
		{2A9964C6-953A-4E40-9DCA-57D94857DC26} = {AB0B44FA-6D73-4F15-BAEF-4A7F3E66ABE1}
	EndGlobalSection
	GlobalSection(ExtensibilityGlobals) = postSolution
		SolutionGuid = {48A554B3-6217-4E43-AF8D-5CD60293185E}
	EndGlobalSection
EndGlobal
